{
  "name": "ixjs-sandbox",
  "version": "1.0.0",
  "lockfileVersion": 1,
  "requires": true,
  "dependencies": {
    "ix": {
      "version": "2.1.4",
      "resolved": "https://registry.npmjs.org/ix/-/ix-2.1.4.tgz",
      "integrity": "sha512-ImZuxu0LjKngkd9nQ1XAVvONyLgOiY4ae5y4Z0pbO3gRhU0+LNj6hxM++AaEwX1Pxmw3fv4EpdgL2otZluF7Xg==",
      "requires": {
        "tslib": "1.7.1"
      }
    },
    "tslib": {
      "version": "1.7.1",
      "resolved": "https://registry.npmjs.org/tslib/-/tslib-1.7.1.tgz",
      "integrity": "sha1-vIAEFkaRkjp5/oN4u+s9ogF1OOw="
    }
  }
}
